// !$*UTF8*$!
{
	archiveVersion = 1;
	classes = {
	};
	objectVersion = 46;
	objects = {

/* Begin PBXBuildFile section */
		0E1FD9E7185953BC002E3652 /* Foundation.framework in Frameworks */ = {isa = PBXBuildFile; fileRef = 0E1FD9E6185953BC002E3652 /* Foundation.framework */; };
		0E1FD9E9185953BC002E3652 /* CoreGraphics.framework in Frameworks */ = {isa = PBXBuildFile; fileRef = 0E1FD9E8185953BC002E3652 /* CoreGraphics.framework */; };
		0E1FD9EB185953BC002E3652 /* UIKit.framework in Frameworks */ = {isa = PBXBuildFile; fileRef = 0E1FD9EA185953BC002E3652 /* UIKit.framework */; };
		0E1FD9F1185953BC002E3652 /* InfoPlist.strings in Resources */ = {isa = PBXBuildFile; fileRef = 0E1FD9EF185953BC002E3652 /* InfoPlist.strings */; };
		0E1FD9F3185953BC002E3652 /* main.m in Sources */ = {isa = PBXBuildFile; fileRef = 0E1FD9F2185953BC002E3652 /* main.m */; };
		0E1FD9F7185953BC002E3652 /* AppDelegate.m in Sources */ = {isa = PBXBuildFile; fileRef = 0E1FD9F6185953BC002E3652 /* AppDelegate.m */; };
		0E1FD9F9185953BC002E3652 /* Images.xcassets in Resources */ = {isa = PBXBuildFile; fileRef = 0E1FD9F8185953BC002E3652 /* Images.xcassets */; };
		0E1FDA00185953BC002E3652 /* XCTest.framework in Frameworks */ = {isa = PBXBuildFile; fileRef = 0E1FD9FF185953BC002E3652 /* XCTest.framework */; };
		0E1FDA01185953BC002E3652 /* Foundation.framework in Frameworks */ = {isa = PBXBuildFile; fileRef = 0E1FD9E6185953BC002E3652 /* Foundation.framework */; };
		0E1FDA02185953BC002E3652 /* UIKit.framework in Frameworks */ = {isa = PBXBuildFile; fileRef = 0E1FD9EA185953BC002E3652 /* UIKit.framework */; };
		0E1FDA0A185953BC002E3652 /* InfoPlist.strings in Resources */ = {isa = PBXBuildFile; fileRef = 0E1FDA08185953BC002E3652 /* InfoPlist.strings */; };
		0E1FDA0C185953BC002E3652 /* TipCalculatorTests.m in Sources */ = {isa = PBXBuildFile; fileRef = 0E1FDA0B185953BC002E3652 /* TipCalculatorTests.m */; };
		0E1FDA1818595460002E3652 /* TipViewController.m in Sources */ = {isa = PBXBuildFile; fileRef = 0E1FDA1618595460002E3652 /* TipViewController.m */; };
		0E1FDA1918595460002E3652 /* TipViewController.xib in Resources */ = {isa = PBXBuildFile; fileRef = 0E1FDA1718595460002E3652 /* TipViewController.xib */; };
		0E30C395185AC69F00E3F378 /* SettingsViewController.m in Sources */ = {isa = PBXBuildFile; fileRef = 0E30C393185AC69F00E3F378 /* SettingsViewController.m */; };
		0E30C396185AC69F00E3F378 /* SettingsViewController.xib in Resources */ = {isa = PBXBuildFile; fileRef = 0E30C394185AC69F00E3F378 /* SettingsViewController.xib */; };
/* End PBXBuildFile section */

/* Begin PBXContainerItemProxy section */
		0E1FDA03185953BC002E3652 /* PBXContainerItemProxy */ = {
			isa = PBXContainerItemProxy;
			containerPortal = 0E1FD9DB185953BC002E3652 /* Project object */;
			proxyType = 1;
			remoteGlobalIDString = 0E1FD9E2185953BC002E3652;
			remoteInfo = TipCalculator;
		};
/* End PBXContainerItemProxy section */

/* Begin PBXFileReference section */
		0E1FD9E3185953BC002E3652 /* TipCalculator.app */ = {isa = PBXFileReference; explicitFileType = wrapper.application; includeInIndex = 0; path = TipCalculator.app; sourceTree = BUILT_PRODUCTS_DIR; };
		0E1FD9E6185953BC002E3652 /* Foundation.framework */ = {isa = PBXFileReference; lastKnownFileType = wrapper.framework; name = Foundation.framework; path = System/Library/Frameworks/Foundation.framework; sourceTree = SDKROOT; };
		0E1FD9E8185953BC002E3652 /* CoreGraphics.framework */ = {isa = PBXFileReference; lastKnownFileType = wrapper.framework; name = CoreGraphics.framework; path = System/Library/Frameworks/CoreGraphics.framework; sourceTree = SDKROOT; };
		0E1FD9EA185953BC002E3652 /* UIKit.framework */ = {isa = PBXFileReference; lastKnownFileType = wrapper.framework; name = UIKit.framework; path = System/Library/Frameworks/UIKit.framework; sourceTree = SDKROOT; };
		0E1FD9EE185953BC002E3652 /* TipCalculator-Info.plist */ = {isa = PBXFileReference; lastKnownFileType = text.plist.xml; path = "TipCalculator-Info.plist"; sourceTree = "<group>"; };
		0E1FD9F0185953BC002E3652 /* en */ = {isa = PBXFileReference; lastKnownFileType = text.plist.strings; name = en; path = en.lproj/InfoPlist.strings; sourceTree = "<group>"; };
		0E1FD9F2185953BC002E3652 /* main.m */ = {isa = PBXFileReference; lastKnownFileType = sourcecode.c.objc; path = main.m; sourceTree = "<group>"; };
		0E1FD9F4185953BC002E3652 /* TipCalculator-Prefix.pch */ = {isa = PBXFileReference; lastKnownFileType = sourcecode.c.h; path = "TipCalculator-Prefix.pch"; sourceTree = "<group>"; };
		0E1FD9F5185953BC002E3652 /* AppDelegate.h */ = {isa = PBXFileReference; lastKnownFileType = sourcecode.c.h; path = AppDelegate.h; sourceTree = "<group>"; };
		0E1FD9F6185953BC002E3652 /* AppDelegate.m */ = {isa = PBXFileReference; lastKnownFileType = sourcecode.c.objc; path = AppDelegate.m; sourceTree = "<group>"; };
		0E1FD9F8185953BC002E3652 /* Images.xcassets */ = {isa = PBXFileReference; lastKnownFileType = folder.assetcatalog; path = Images.xcassets; sourceTree = "<group>"; };
		0E1FD9FE185953BC002E3652 /* TipCalculatorTests.xctest */ = {isa = PBXFileReference; explicitFileType = wrapper.cfbundle; includeInIndex = 0; path = TipCalculatorTests.xctest; sourceTree = BUILT_PRODUCTS_DIR; };
		0E1FD9FF185953BC002E3652 /* XCTest.framework */ = {isa = PBXFileReference; lastKnownFileType = wrapper.framework; name = XCTest.framework; path = Library/Frameworks/XCTest.framework; sourceTree = DEVELOPER_DIR; };
		0E1FDA07185953BC002E3652 /* TipCalculatorTests-Info.plist */ = {isa = PBXFileReference; lastKnownFileType = text.plist.xml; path = "TipCalculatorTests-Info.plist"; sourceTree = "<group>"; };
		0E1FDA09185953BC002E3652 /* en */ = {isa = PBXFileReference; lastKnownFileType = text.plist.strings; name = en; path = en.lproj/InfoPlist.strings; sourceTree = "<group>"; };
		0E1FDA0B185953BC002E3652 /* TipCalculatorTests.m */ = {isa = PBXFileReference; lastKnownFileType = sourcecode.c.objc; path = TipCalculatorTests.m; sourceTree = "<group>"; };
		0E1FDA1518595460002E3652 /* TipViewController.h */ = {isa = PBXFileReference; fileEncoding = 4; lastKnownFileType = sourcecode.c.h; path = TipViewController.h; sourceTree = "<group>"; };
		0E1FDA1618595460002E3652 /* TipViewController.m */ = {isa = PBXFileReference; fileEncoding = 4; lastKnownFileType = sourcecode.c.objc; path = TipViewController.m; sourceTree = "<group>"; };
		0E1FDA1718595460002E3652 /* TipViewController.xib */ = {isa = PBXFileReference; fileEncoding = 4; lastKnownFileType = file.xib; path = TipViewController.xib; sourceTree = "<group>"; };
		0E30C392185AC69F00E3F378 /* SettingsViewController.h */ = {isa = PBXFileReference; fileEncoding = 4; lastKnownFileType = sourcecode.c.h; path = SettingsViewController.h; sourceTree = "<group>"; };
		0E30C393185AC69F00E3F378 /* SettingsViewController.m */ = {isa = PBXFileReference; fileEncoding = 4; lastKnownFileType = sourcecode.c.objc; path = SettingsViewController.m; sourceTree = "<group>"; };
		0E30C394185AC69F00E3F378 /* SettingsViewController.xib */ = {isa = PBXFileReference; fileEncoding = 4; lastKnownFileType = file.xib; path = SettingsViewController.xib; sourceTree = "<group>"; };
/* End PBXFileReference section */

/* Begin PBXFrameworksBuildPhase section */
		0E1FD9E0185953BC002E3652 /* Frameworks */ = {
			isa = PBXFrameworksBuildPhase;
			buildActionMask = 2147483647;
			files = (
				0E1FD9E9185953BC002E3652 /* CoreGraphics.framework in Frameworks */,
				0E1FD9EB185953BC002E3652 /* UIKit.framework in Frameworks */,
				0E1FD9E7185953BC002E3652 /* Foundation.framework in Frameworks */,
			);
			runOnlyForDeploymentPostprocessing = 0;
		};
		0E1FD9FB185953BC002E3652 /* Frameworks */ = {
			isa = PBXFrameworksBuildPhase;
			buildActionMask = 2147483647;
			files = (
				0E1FDA00185953BC002E3652 /* XCTest.framework in Frameworks */,
				0E1FDA02185953BC002E3652 /* UIKit.framework in Frameworks */,
				0E1FDA01185953BC002E3652 /* Foundation.framework in Frameworks */,
			);
			runOnlyForDeploymentPostprocessing = 0;
		};
/* End PBXFrameworksBuildPhase section */

/* Begin PBXGroup section */
		0E1FD9DA185953BC002E3652 = {
			isa = PBXGroup;
			children = (
				0E30C392185AC69F00E3F378 /* SettingsViewController.h */,
				0E30C393185AC69F00E3F378 /* SettingsViewController.m */,
				0E30C394185AC69F00E3F378 /* SettingsViewController.xib */,
				0E1FD9EC185953BC002E3652 /* TipCalculator */,
				0E1FDA05185953BC002E3652 /* TipCalculatorTests */,
				0E1FD9E5185953BC002E3652 /* Frameworks */,
				0E1FD9E4185953BC002E3652 /* Products */,
			);
			sourceTree = "<group>";
		};
		0E1FD9E4185953BC002E3652 /* Products */ = {
			isa = PBXGroup;
			children = (
				0E1FD9E3185953BC002E3652 /* TipCalculator.app */,
				0E1FD9FE185953BC002E3652 /* TipCalculatorTests.xctest */,
			);
			name = Products;
			sourceTree = "<group>";
		};
		0E1FD9E5185953BC002E3652 /* Frameworks */ = {
			isa = PBXGroup;
			children = (
				0E1FD9E6185953BC002E3652 /* Foundation.framework */,
				0E1FD9E8185953BC002E3652 /* CoreGraphics.framework */,
				0E1FD9EA185953BC002E3652 /* UIKit.framework */,
				0E1FD9FF185953BC002E3652 /* XCTest.framework */,
			);
			name = Frameworks;
			sourceTree = "<group>";
		};
		0E1FD9EC185953BC002E3652 /* TipCalculator */ = {
			isa = PBXGroup;
			children = (
				0E1FD9F5185953BC002E3652 /* AppDelegate.h */,
				0E1FD9F6185953BC002E3652 /* AppDelegate.m */,
				0E1FD9F8185953BC002E3652 /* Images.xcassets */,
				0E1FD9ED185953BC002E3652 /* Supporting Files */,
				0E1FDA1518595460002E3652 /* TipViewController.h */,
				0E1FDA1618595460002E3652 /* TipViewController.m */,
				0E1FDA1718595460002E3652 /* TipViewController.xib */,
			);
			path = TipCalculator;
			sourceTree = "<group>";
		};
		0E1FD9ED185953BC002E3652 /* Supporting Files */ = {
			isa = PBXGroup;
			children = (
				0E1FD9EE185953BC002E3652 /* TipCalculator-Info.plist */,
				0E1FD9EF185953BC002E3652 /* InfoPlist.strings */,
				0E1FD9F2185953BC002E3652 /* main.m */,
				0E1FD9F4185953BC002E3652 /* TipCalculator-Prefix.pch */,
			);
			name = "Supporting Files";
			sourceTree = "<group>";
		};
		0E1FDA05185953BC002E3652 /* TipCalculatorTests */ = {
			isa = PBXGroup;
			children = (
				0E1FDA0B185953BC002E3652 /* TipCalculatorTests.m */,
				0E1FDA06185953BC002E3652 /* Supporting Files */,
			);
			path = TipCalculatorTests;
			sourceTree = "<group>";
		};
		0E1FDA06185953BC002E3652 /* Supporting Files */ = {
			isa = PBXGroup;
			children = (
				0E1FDA07185953BC002E3652 /* TipCalculatorTests-Info.plist */,
				0E1FDA08185953BC002E3652 /* InfoPlist.strings */,
			);
			name = "Supporting Files";
			sourceTree = "<group>";
		};
/* End PBXGroup section */

/* Begin PBXNativeTarget section */
		0E1FD9E2185953BC002E3652 /* TipCalculator */ = {
			isa = PBXNativeTarget;
			buildConfigurationList = 0E1FDA0F185953BC002E3652 /* Build configuration list for PBXNativeTarget "TipCalculator" */;
			buildPhases = (
				0E1FD9DF185953BC002E3652 /* Sources */,
				0E1FD9E0185953BC002E3652 /* Frameworks */,
				0E1FD9E1185953BC002E3652 /* Resources */,
			);
			buildRules = (
			);
			dependencies = (
			);
			name = TipCalculator;
			productName = TipCalculator;
			productReference = 0E1FD9E3185953BC002E3652 /* TipCalculator.app */;
			productType = "com.apple.product-type.application";
		};
		0E1FD9FD185953BC002E3652 /* TipCalculatorTests */ = {
			isa = PBXNativeTarget;
			buildConfigurationList = 0E1FDA12185953BC002E3652 /* Build configuration list for PBXNativeTarget "TipCalculatorTests" */;
			buildPhases = (
				0E1FD9FA185953BC002E3652 /* Sources */,
				0E1FD9FB185953BC002E3652 /* Frameworks */,
				0E1FD9FC185953BC002E3652 /* Resources */,
			);
			buildRules = (
			);
			dependencies = (
				0E1FDA04185953BC002E3652 /* PBXTargetDependency */,
			);
			name = TipCalculatorTests;
			productName = TipCalculatorTests;
			productReference = 0E1FD9FE185953BC002E3652 /* TipCalculatorTests.xctest */;
			productType = "com.apple.product-type.bundle.unit-test";
		};
/* End PBXNativeTarget section */

/* Begin PBXProject section */
		0E1FD9DB185953BC002E3652 /* Project object */ = {
			isa = PBXProject;
			attributes = {
				LastUpgradeCheck = 0500;
				ORGANIZATIONNAME = codepath;
				TargetAttributes = {
					0E1FD9FD185953BC002E3652 = {
						TestTargetID = 0E1FD9E2185953BC002E3652;
					};
				};
			};
			buildConfigurationList = 0E1FD9DE185953BC002E3652 /* Build configuration list for PBXProject "TipCalculator" */;
			compatibilityVersion = "Xcode 3.2";
			developmentRegion = English;
			hasScannedForEncodings = 0;
			knownRegions = (
				en,
			);
			mainGroup = 0E1FD9DA185953BC002E3652;
			productRefGroup = 0E1FD9E4185953BC002E3652 /* Products */;
			projectDirPath = "";
			projectRoot = "";
			targets = (
				0E1FD9E2185953BC002E3652 /* TipCalculator */,
				0E1FD9FD185953BC002E3652 /* TipCalculatorTests */,
			);
		};
/* End PBXProject section */

/* Begin PBXResourcesBuildPhase section */
		0E1FD9E1185953BC002E3652 /* Resources */ = {
			isa = PBXResourcesBuildPhase;
			buildActionMask = 2147483647;
			files = (
				0E1FDA1918595460002E3652 /* TipViewController.xib in Resources */,
				0E1FD9F1185953BC002E3652 /* InfoPlist.strings in Resources */,
				0E1FD9F9185953BC002E3652 /* Images.xcassets in Resources */,
				0E30C396185AC69F00E3F378 /* SettingsViewController.xib in Resources */,
			);
			runOnlyForDeploymentPostprocessing = 0;
		};
		0E1FD9FC185953BC002E3652 /* Resources */ = {
			isa = PBXResourcesBuildPhase;
			buildActionMask = 2147483647;
			files = (
				0E1FDA0A185953BC002E3652 /* InfoPlist.strings in Resources */,
			);
			runOnlyForDeploymentPostprocessing = 0;
		};
/* End PBXResourcesBuildPhase section */

/* Begin PBXSourcesBuildPhase section */
		0E1FD9DF185953BC002E3652 /* Sources */ = {
			isa = PBXSourcesBuildPhase;
			buildActionMask = 2147483647;
			files = (
				0E1FD9F7185953BC002E3652 /* AppDelegate.m in Sources */,
				0E1FDA1818595460002E3652 /* TipViewController.m in Sources */,
				0E1FD9F3185953BC002E3652 /* main.m in Sources */,
				0E30C395185AC69F00E3F378 /* SettingsViewController.m in Sources */,
			);
			runOnlyForDeploymentPostprocessing = 0;
		};
		0E1FD9FA185953BC002E3652 /* Sources */ = {
			isa = PBXSourcesBuildPhase;
			buildActionMask = 2147483647;
			files = (
				0E1FDA0C185953BC002E3652 /* TipCalculatorTests.m in Sources */,
			);
			runOnlyForDeploymentPostprocessing = 0;
		};
/* End PBXSourcesBuildPhase section */

/* Begin PBXTargetDependency section */
		0E1FDA04185953BC002E3652 /* PBXTargetDependency */ = {
			isa = PBXTargetDependency;
			target = 0E1FD9E2185953BC002E3652 /* TipCalculator */;
			targetProxy = 0E1FDA03185953BC002E3652 /* PBXContainerItemProxy */;
		};
/* End PBXTargetDependency section */

/* Begin PBXVariantGroup section */
		0E1FD9EF185953BC002E3652 /* InfoPlist.strings */ = {
			isa = PBXVariantGroup;
			children = (
				0E1FD9F0185953BC002E3652 /* en */,
			);
			name = InfoPlist.strings;
			sourceTree = "<group>";
		};
		0E1FDA08185953BC002E3652 /* InfoPlist.strings */ = {
			isa = PBXVariantGroup;
			children = (
				0E1FDA09185953BC002E3652 /* en */,
			);
			name = InfoPlist.strings;
			sourceTree = "<group>";
		};
/* End PBXVariantGroup section */

/* Begin XCBuildConfiguration section */
		0E1FDA0D185953BC002E3652 /* Debug */ = {
			isa = XCBuildConfiguration;
			buildSettings = {
				ALWAYS_SEARCH_USER_PATHS = NO;
				ARCHS = "$(ARCHS_STANDARD_INCLUDING_64_BIT)";
				CLANG_CXX_LANGUAGE_STANDARD = "gnu++0x";
				CLANG_CXX_LIBRARY = "libc++";
				CLANG_ENABLE_MODULES = YES;
				CLANG_ENABLE_OBJC_ARC = YES;
				CLANG_WARN_BOOL_CONVERSION = YES;
				CLANG_WARN_CONSTANT_CONVERSION = YES;
				CLANG_WARN_DIRECT_OBJC_ISA_USAGE = YES_ERROR;
				CLANG_WARN_EMPTY_BODY = YES;
				CLANG_WARN_ENUM_CONVERSION = YES;
				CLANG_WARN_INT_CONVERSION = YES;
				CLANG_WARN_OBJC_ROOT_CLASS = YES_ERROR;
				CLANG_WARN__DUPLICATE_METHOD_MATCH = YES;
				"CODE_SIGN_IDENTITY[sdk=iphoneos*]" = "iPhone Developer";
				COPY_PHASE_STRIP = NO;
				GCC_C_LANGUAGE_STANDARD = gnu99;
				GCC_DYNAMIC_NO_PIC = NO;
				GCC_OPTIMIZATION_LEVEL = 0;
				GCC_PREPROCESSOR_DEFINITIONS = (
					"DEBUG=1",
					"$(inherited)",
				);
				GCC_SYMBOLS_PRIVATE_EXTERN = NO;
				GCC_WARN_64_TO_32_BIT_CONVERSION = YES;
				GCC_WARN_ABOUT_RETURN_TYPE = YES_ERROR;
				GCC_WARN_UNDECLARED_SELECTOR = YES;
				GCC_WARN_UNINITIALIZED_AUTOS = YES;
				GCC_WARN_UNUSED_FUNCTION = YES;
				GCC_WARN_UNUSED_VARIABLE = YES;
				IPHONEOS_DEPLOYMENT_TARGET = 7.0;
				ONLY_ACTIVE_ARCH = YES;
				SDKROOT = iphoneos;
			};
			name = Debug;
		};
		0E1FDA0E185953BC002E3652 /* Release */ = {
			isa = XCBuildConfiguration;
			buildSettings = {
				ALWAYS_SEARCH_USER_PATHS = NO;
				ARCHS = "$(ARCHS_STANDARD_INCLUDING_64_BIT)";
				CLANG_CXX_LANGUAGE_STANDARD = "gnu++0x";
				CLANG_CXX_LIBRARY = "libc++";
				CLANG_ENABLE_MODULES = YES;
				CLANG_ENABLE_OBJC_ARC = YES;
				CLANG_WARN_BOOL_CONVERSION = YES;
				CLANG_WARN_CONSTANT_CONVERSION = YES;
				CLANG_WARN_DIRECT_OBJC_ISA_USAGE = YES_ERROR;
				CLANG_WARN_EMPTY_BODY = YES;
				CLANG_WARN_ENUM_CONVERSION = YES;
				CLANG_WARN_INT_CONVERSION = YES;
				CLANG_WARN_OBJC_ROOT_CLASS = YES_ERROR;
				CLANG_WARN__DUPLICATE_METHOD_MATCH = YES;
				"CODE_SIGN_IDENTITY[sdk=iphoneos*]" = "iPhone Developer";
				COPY_PHASE_STRIP = YES;
				ENABLE_NS_ASSERTIONS = NO;
				GCC_C_LANGUAGE_STANDARD = gnu99;
				GCC_WARN_64_TO_32_BIT_CONVERSION = YES;
				GCC_WARN_ABOUT_RETURN_TYPE = YES_ERROR;
				GCC_WARN_UNDECLARED_SELECTOR = YES;
				GCC_WARN_UNINITIALIZED_AUTOS = YES;
				GCC_WARN_UNUSED_FUNCTION = YES;
				GCC_WARN_UNUSED_VARIABLE = YES;
				IPHONEOS_DEPLOYMENT_TARGET = 7.0;
				SDKROOT = iphoneos;
				VALIDATE_PRODUCT = YES;
			};
			name = Release;
		};
		0E1FDA10185953BC002E3652 /* Debug */ = {
			isa = XCBuildConfiguration;
			buildSettings = {
				ASSETCATALOG_COMPILER_APPICON_NAME = AppIcon;
				ASSETCATALOG_COMPILER_LAUNCHIMAGE_NAME = LaunchImage;
				GCC_PRECOMPILE_PREFIX_HEADER = YES;
				GCC_PREFIX_HEADER = "TipCalculator/TipCalculator-Prefix.pch";
				INFOPLIST_FILE = "TipCalculator/TipCalculator-Info.plist";
				IPHONEOS_DEPLOYMENT_TARGET = 6.0;
				PRODUCT_NAME = "$(TARGET_NAME)";
				WRAPPER_EXTENSION = app;
			};
			name = Debug;
		};
		0E1FDA11185953BC002E3652 /* Release */ = {
			isa = XCBuildConfiguration;
			buildSettings = {
				ASSETCATALOG_COMPILER_APPICON_NAME = AppIcon;
				ASSETCATALOG_COMPILER_LAUNCHIMAGE_NAME = LaunchImage;
				GCC_PRECOMPILE_PREFIX_HEADER = YES;
				GCC_PREFIX_HEADER = "TipCalculator/TipCalculator-Prefix.pch";
				INFOPLIST_FILE = "TipCalculator/TipCalculator-Info.plist";
				IPHONEOS_DEPLOYMENT_TARGET = 6.0;
				PRODUCT_NAME = "$(TARGET_NAME)";
				WRAPPER_EXTENSION = app;
			};
			name = Release;
		};
		0E1FDA13185953BC002E3652 /* Debug */ = {
			isa = XCBuildConfiguration;
			buildSettings = {
				ARCHS = "$(ARCHS_STANDARD_INCLUDING_64_BIT)";
				BUNDLE_LOADER = "$(BUILT_PRODUCTS_DIR)/TipCalculator.app/TipCalculator";
				FRAMEWORK_SEARCH_PATHS = (
					"$(SDKROOT)/Developer/Library/Frameworks",
					"$(inherited)",
					"$(DEVELOPER_FRAMEWORKS_DIR)",
				);
				GCC_PRECOMPILE_PREFIX_HEADER = YES;
				GCC_PREFIX_HEADER = "TipCalculator/TipCalculator-Prefix.pch";
				GCC_PREPROCESSOR_DEFINITIONS = (
					"DEBUG=1",
					"$(inherited)",
				);
				INFOPLIST_FILE = "TipCalculatorTests/TipCalculatorTests-Info.plist";
				PRODUCT_NAME = "$(TARGET_NAME)";
				TEST_HOST = "$(BUNDLE_LOADER)";
				WRAPPER_EXTENSION = xctest;
			};
			name = Debug;
		};
		0E1FDA14185953BC002E3652 /* Release */ = {
			isa = XCBuildConfiguration;
			buildSettings = {
				ARCHS = "$(ARCHS_STANDARD_INCLUDING_64_BIT)";
				BUNDLE_LOADER = "$(BUILT_PRODUCTS_DIR)/TipCalculator.app/TipCalculator";
				FRAMEWORK_SEARCH_PATHS = (
					"$(SDKROOT)/Developer/Library/Frameworks",
					"$(inherited)",
					"$(DEVELOPER_FRAMEWORKS_DIR)",
				);
				GCC_PRECOMPILE_PREFIX_HEADER = YES;
				GCC_PREFIX_HEADER = "TipCalculator/TipCalculator-Prefix.pch";
				INFOPLIST_FILE = "TipCalculatorTests/TipCalculatorTests-Info.plist";
				PRODUCT_NAME = "$(TARGET_NAME)";
				TEST_HOST = "$(BUNDLE_LOADER)";
				WRAPPER_EXTENSION = xctest;
			};
			name = Release;
		};
/* End XCBuildConfiguration section */

/* Begin XCConfigurationList section */
		0E1FD9DE185953BC002E3652 /* Build configuration list for PBXProject "TipCalculator" */ = {
			isa = XCConfigurationList;
			buildConfigurations = (
				0E1FDA0D185953BC002E3652 /* Debug */,
				0E1FDA0E185953BC002E3652 /* Release */,
			);
			defaultConfigurationIsVisible = 0;
			defaultConfigurationName = Release;
		};
		0E1FDA0F185953BC002E3652 /* Build configuration list for PBXNativeTarget "TipCalculator" */ = {
			isa = XCConfigurationList;
			buildConfigurations = (
				0E1FDA10185953BC002E3652 /* Debug */,
				0E1FDA11185953BC002E3652 /* Release */,
			);
			defaultConfigurationIsVisible = 0;
			defaultConfigurationName = Release;
		};
		0E1FDA12185953BC002E3652 /* Build configuration list for PBXNativeTarget "TipCalculatorTests" */ = {
			isa = XCConfigurationList;
			buildConfigurations = (
				0E1FDA13185953BC002E3652 /* Debug */,
				0E1FDA14185953BC002E3652 /* Release */,
			);
			defaultConfigurationIsVisible = 0;
			defaultConfigurationName = Release;
		};
/* End XCConfigurationList section */
	};
	rootObject = 0E1FD9DB185953BC002E3652 /* Project object */;
}
